
Microsoft Visual Studio Solution File, Format Version 12.00
# Visual Studio Version 16
VisualStudioVersion = 16.0.33328.57
MinimumVisualStudioVersion = 10.0.40219.1
Project("{FAE04EC0-301F-11D3-BF4B-00C04F79EFBC}") = "Data Mining-BestSplit", "Data Mining-BestSplit\Data Mining-BestSplit.csproj", "{D4901FBA-9058-42F7-B506-45CDD18F398B}"
EndProject
Global
	GlobalSection(SolutionConfigurationPlatforms) = preSolution
		Debug|Any CPU = Debug|Any CPU
		Release|Any CPU = Release|Any CPU
	EndGlobalSection
	GlobalSection(ProjectConfigurationPlatforms) = postSolution
		{D4901FBA-9058-42F7-B506-45CDD18F398B}.Debug|Any CPU.ActiveCfg = Debug|Any CPU
		{D4901FBA-9058-42F7-B506-45CDD18F398B}.Debug|Any CPU.Build.0 = Debug|Any CPU
		{D4901FBA-9058-42F7-B506-45CDD18F398B}.Release|Any CPU.ActiveCfg = Release|Any CPU
		{D4901FBA-9058-42F7-B506-45CDD18F398B}.Release|Any CPU.Build.0 = Release|Any CPU
	EndGlobalSection
	GlobalSection(SolutionProperties) = preSolution
		HideSolutionNode = FALSE
	EndGlobalSection
	GlobalSection(ExtensibilityGlobals) = postSolution
		SolutionGuid = {14C03736-1E1E-4A7A-A3AE-07ABBD339F9B}
	EndGlobalSection
EndGlobal
